
Microsoft Visual Studio Solution File, Format Version 12.00
# Visual Studio Version 17
VisualStudioVersion = 17.11.35431.28
MinimumVisualStudioVersion = 10.0.40219.1
Project("{9A19103F-16F7-4668-BE54-9A1E7A4F7556}") = "JIm.ChatClient.Core", "src\JIm.ChatClient.Core\JIm.ChatClient.Core.csproj", "{87B66164-9BB0-4B73-A196-0D589FAF6467}"
EndProject
Project("{9A19103F-16F7-4668-BE54-9A1E7A4F7556}") = "JIm.ChatClient.Desktop", "src\JIm.ChatClient.Desktop\JIm.ChatClient.Desktop.csproj", "{C3DE00AA-B1A9-49CA-9064-99EBEC2CB8FE}"
EndProject
Global
	GlobalSection(SolutionConfigurationPlatforms) = preSolution
		Debug|Any CPU = Debug|Any CPU
		Release|Any CPU = Release|Any CPU
	EndGlobalSection
	GlobalSection(ProjectConfigurationPlatforms) = postSolution
		{87B66164-9BB0-4B73-A196-0D589FAF6467}.Debug|Any CPU.ActiveCfg = Debug|Any CPU
		{87B66164-9BB0-4B73-A196-0D589FAF6467}.Debug|Any CPU.Build.0 = Debug|Any CPU
		{87B66164-9BB0-4B73-A196-0D589FAF6467}.Release|Any CPU.ActiveCfg = Release|Any CPU
		{87B66164-9BB0-4B73-A196-0D589FAF6467}.Release|Any CPU.Build.0 = Release|Any CPU
		{C3DE00AA-B1A9-49CA-9064-99EBEC2CB8FE}.Debug|Any CPU.ActiveCfg = Debug|Any CPU
		{C3DE00AA-B1A9-49CA-9064-99EBEC2CB8FE}.Debug|Any CPU.Build.0 = Debug|Any CPU
		{C3DE00AA-B1A9-49CA-9064-99EBEC2CB8FE}.Release|Any CPU.ActiveCfg = Release|Any CPU
		{C3DE00AA-B1A9-49CA-9064-99EBEC2CB8FE}.Release|Any CPU.Build.0 = Release|Any CPU
	EndGlobalSection
	GlobalSection(SolutionProperties) = preSolution
		HideSolutionNode = FALSE
	EndGlobalSection
	GlobalSection(ExtensibilityGlobals) = postSolution
		SolutionGuid = {101FDD78-12D8-42A1-AB17-F6516AA076E3}
	EndGlobalSection
EndGlobal
